
Microsoft Visual Studio Solution File, Format Version 12.00
# Visual Studio Version 17
VisualStudioVersion = 17.14.36414.22
MinimumVisualStudioVersion = 10.0.40219.1
Project("{FAE04EC0-301F-11D3-BF4B-00C04F79EFBC}") = "Generic_PM1(Reuso)", "Generics-Set-Dictionary\Generic_PM1(Reuso).csproj", "{2A80FD76-C514-4B8D-877F-F36F19BDEC43}"
EndProject
Project("{FAE04EC0-301F-11D3-BF4B-00C04F79EFBC}") = "RestricoesGenerics", "RestricoesGenerics\RestricoesGenerics.csproj", "{21EC6F4E-CCD7-4671-BAD8-E0EE3A3D05A0}"
EndProject
Global
	GlobalSection(SolutionConfigurationPlatforms) = preSolution
		Debug|Any CPU = Debug|Any CPU
		Release|Any CPU = Release|Any CPU
	EndGlobalSection
	GlobalSection(ProjectConfigurationPlatforms) = postSolution
		{2A80FD76-C514-4B8D-877F-F36F19BDEC43}.Debug|Any CPU.ActiveCfg = Debug|Any CPU
		{2A80FD76-C514-4B8D-877F-F36F19BDEC43}.Debug|Any CPU.Build.0 = Debug|Any CPU
		{2A80FD76-C514-4B8D-877F-F36F19BDEC43}.Release|Any CPU.ActiveCfg = Release|Any CPU
		{2A80FD76-C514-4B8D-877F-F36F19BDEC43}.Release|Any CPU.Build.0 = Release|Any CPU
		{21EC6F4E-CCD7-4671-BAD8-E0EE3A3D05A0}.Debug|Any CPU.ActiveCfg = Debug|Any CPU
		{21EC6F4E-CCD7-4671-BAD8-E0EE3A3D05A0}.Debug|Any CPU.Build.0 = Debug|Any CPU
		{21EC6F4E-CCD7-4671-BAD8-E0EE3A3D05A0}.Release|Any CPU.ActiveCfg = Release|Any CPU
		{21EC6F4E-CCD7-4671-BAD8-E0EE3A3D05A0}.Release|Any CPU.Build.0 = Release|Any CPU
	EndGlobalSection
	GlobalSection(SolutionProperties) = preSolution
		HideSolutionNode = FALSE
	EndGlobalSection
	GlobalSection(ExtensibilityGlobals) = postSolution
		SolutionGuid = {A346C191-DF7B-48C2-A472-9DBBAF0C3AEA}
	EndGlobalSection
EndGlobal
